// !$*UTF8*$!
{
	archiveVersion = 1;
	classes = {
	};
	objectVersion = 55;
	objects = {

/* Begin PBXBuildFile section */
		984BC75528D0A6870073E099 /* AppDelegate.swift in Sources */ = {isa = PBXBuildFile; fileRef = 984BC75428D0A6870073E099 /* AppDelegate.swift */; };
		984BC75728D0A6870073E099 /* SceneDelegate.swift in Sources */ = {isa = PBXBuildFile; fileRef = 984BC75628D0A6870073E099 /* SceneDelegate.swift */; };
		984BC75E28D0A68A0073E099 /* Assets.xcassets in Resources */ = {isa = PBXBuildFile; fileRef = 984BC75D28D0A68A0073E099 /* Assets.xcassets */; };
		984BC76128D0A68A0073E099 /* LaunchScreen.storyboard in Resources */ = {isa = PBXBuildFile; fileRef = 984BC75F28D0A68A0073E099 /* LaunchScreen.storyboard */; };
		984BC76C28D0A68A0073E099 /* tab_bar_programmability_studyTests.swift in Sources */ = {isa = PBXBuildFile; fileRef = 984BC76B28D0A68A0073E099 /* tab_bar_programmability_studyTests.swift */; };
		984BC77628D0A68A0073E099 /* tab_bar_programmability_studyUITests.swift in Sources */ = {isa = PBXBuildFile; fileRef = 984BC77528D0A68A0073E099 /* tab_bar_programmability_studyUITests.swift */; };
		984BC77828D0A68A0073E099 /* tab_bar_programmability_studyUITestsLaunchTests.swift in Sources */ = {isa = PBXBuildFile; fileRef = 984BC77728D0A68A0073E099 /* tab_bar_programmability_studyUITestsLaunchTests.swift */; };
		984BC78528D0A8300073E099 /* MyTabBarController.swift in Sources */ = {isa = PBXBuildFile; fileRef = 984BC78428D0A8300073E099 /* MyTabBarController.swift */; };
/* End PBXBuildFile section */

/* Begin PBXContainerItemProxy section */
		984BC76828D0A68A0073E099 /* PBXContainerItemProxy */ = {
			isa = PBXContainerItemProxy;
			containerPortal = 984BC74928D0A6870073E099 /* Project object */;
			proxyType = 1;
			remoteGlobalIDString = 984BC75028D0A6870073E099;
			remoteInfo = "tab-bar-programmability-study";
		};
		984BC77228D0A68A0073E099 /* PBXContainerItemProxy */ = {
			isa = PBXContainerItemProxy;
			containerPortal = 984BC74928D0A6870073E099 /* Project object */;
			proxyType = 1;
			remoteGlobalIDString = 984BC75028D0A6870073E099;
			remoteInfo = "tab-bar-programmability-study";
		};
/* End PBXContainerItemProxy section */

/* Begin PBXFileReference section */
		984BC75128D0A6870073E099 /* tab-bar-programmability-study.app */ = {isa = PBXFileReference; explicitFileType = wrapper.application; includeInIndex = 0; path = "tab-bar-programmability-study.app"; sourceTree = BUILT_PRODUCTS_DIR; };
		984BC75428D0A6870073E099 /* AppDelegate.swift */ = {isa = PBXFileReference; lastKnownFileType = sourcecode.swift; path = AppDelegate.swift; sourceTree = "<group>"; };
		984BC75628D0A6870073E099 /* SceneDelegate.swift */ = {isa = PBXFileReference; lastKnownFileType = sourcecode.swift; path = SceneDelegate.swift; sourceTree = "<group>"; };
		984BC75D28D0A68A0073E099 /* Assets.xcassets */ = {isa = PBXFileReference; lastKnownFileType = folder.assetcatalog; path = Assets.xcassets; sourceTree = "<group>"; };
		984BC76028D0A68A0073E099 /* Base */ = {isa = PBXFileReference; lastKnownFileType = file.storyboard; name = Base; path = Base.lproj/LaunchScreen.storyboard; sourceTree = "<group>"; };
		984BC76228D0A68A0073E099 /* Info.plist */ = {isa = PBXFileReference; lastKnownFileType = text.plist.xml; path = Info.plist; sourceTree = "<group>"; };
		984BC76728D0A68A0073E099 /* tab-bar-programmability-studyTests.xctest */ = {isa = PBXFileReference; explicitFileType = wrapper.cfbundle; includeInIndex = 0; path = "tab-bar-programmability-studyTests.xctest"; sourceTree = BUILT_PRODUCTS_DIR; };
		984BC76B28D0A68A0073E099 /* tab_bar_programmability_studyTests.swift */ = {isa = PBXFileReference; lastKnownFileType = sourcecode.swift; path = tab_bar_programmability_studyTests.swift; sourceTree = "<group>"; };
		984BC77128D0A68A0073E099 /* tab-bar-programmability-studyUITests.xctest */ = {isa = PBXFileReference; explicitFileType = wrapper.cfbundle; includeInIndex = 0; path = "tab-bar-programmability-studyUITests.xctest"; sourceTree = BUILT_PRODUCTS_DIR; };
		984BC77528D0A68A0073E099 /* tab_bar_programmability_studyUITests.swift */ = {isa = PBXFileReference; lastKnownFileType = sourcecode.swift; path = tab_bar_programmability_studyUITests.swift; sourceTree = "<group>"; };
		984BC77728D0A68A0073E099 /* tab_bar_programmability_studyUITestsLaunchTests.swift */ = {isa = PBXFileReference; lastKnownFileType = sourcecode.swift; path = tab_bar_programmability_studyUITestsLaunchTests.swift; sourceTree = "<group>"; };
		984BC78428D0A8300073E099 /* MyTabBarController.swift */ = {isa = PBXFileReference; lastKnownFileType = sourcecode.swift; path = MyTabBarController.swift; sourceTree = "<group>"; };
/* End PBXFileReference section */

/* Begin PBXFrameworksBuildPhase section */
		984BC74E28D0A6870073E099 /* Frameworks */ = {
			isa = PBXFrameworksBuildPhase;
			buildActionMask = 2147483647;
			files = (
			);
			runOnlyForDeploymentPostprocessing = 0;
		};
		984BC76428D0A68A0073E099 /* Frameworks */ = {
			isa = PBXFrameworksBuildPhase;
			buildActionMask = 2147483647;
			files = (
			);
			runOnlyForDeploymentPostprocessing = 0;
		};
		984BC76E28D0A68A0073E099 /* Frameworks */ = {
			isa = PBXFrameworksBuildPhase;
			buildActionMask = 2147483647;
			files = (
			);
			runOnlyForDeploymentPostprocessing = 0;
		};
/* End PBXFrameworksBuildPhase section */

/* Begin PBXGroup section */
		984BC74828D0A6870073E099 = {
			isa = PBXGroup;
			children = (
				984BC75328D0A6870073E099 /* tab-bar-programmability-study */,
				984BC76A28D0A68A0073E099 /* tab-bar-programmability-studyTests */,
				984BC77428D0A68A0073E099 /* tab-bar-programmability-studyUITests */,
				984BC75228D0A6870073E099 /* Products */,
			);
			sourceTree = "<group>";
		};
		984BC75228D0A6870073E099 /* Products */ = {
			isa = PBXGroup;
			children = (
				984BC75128D0A6870073E099 /* tab-bar-programmability-study.app */,
				984BC76728D0A68A0073E099 /* tab-bar-programmability-studyTests.xctest */,
				984BC77128D0A68A0073E099 /* tab-bar-programmability-studyUITests.xctest */,
			);
			name = Products;
			sourceTree = "<group>";
		};
		984BC75328D0A6870073E099 /* tab-bar-programmability-study */ = {
			isa = PBXGroup;
			children = (
				984BC75428D0A6870073E099 /* AppDelegate.swift */,
				984BC75628D0A6870073E099 /* SceneDelegate.swift */,
				984BC78428D0A8300073E099 /* MyTabBarController.swift */,
				984BC75D28D0A68A0073E099 /* Assets.xcassets */,
				984BC75F28D0A68A0073E099 /* LaunchScreen.storyboard */,
				984BC76228D0A68A0073E099 /* Info.plist */,
			);
			path = "tab-bar-programmability-study";
			sourceTree = "<group>";
		};
		984BC76A28D0A68A0073E099 /* tab-bar-programmability-studyTests */ = {
			isa = PBXGroup;
			children = (
				984BC76B28D0A68A0073E099 /* tab_bar_programmability_studyTests.swift */,
			);
			path = "tab-bar-programmability-studyTests";
			sourceTree = "<group>";
		};
		984BC77428D0A68A0073E099 /* tab-bar-programmability-studyUITests */ = {
			isa = PBXGroup;
			children = (
				984BC77528D0A68A0073E099 /* tab_bar_programmability_studyUITests.swift */,
				984BC77728D0A68A0073E099 /* tab_bar_programmability_studyUITestsLaunchTests.swift */,
			);
			path = "tab-bar-programmability-studyUITests";
			sourceTree = "<group>";
		};
/* End PBXGroup section */

/* Begin PBXNativeTarget section */
		984BC75028D0A6870073E099 /* tab-bar-programmability-study */ = {
			isa = PBXNativeTarget;
			buildConfigurationList = 984BC77B28D0A68A0073E099 /* Build configuration list for PBXNativeTarget "tab-bar-programmability-study" */;
			buildPhases = (
				984BC74D28D0A6870073E099 /* Sources */,
				984BC74E28D0A6870073E099 /* Frameworks */,
				984BC74F28D0A6870073E099 /* Resources */,
			);
			buildRules = (
			);
			dependencies = (
			);
			name = "tab-bar-programmability-study";
			productName = "tab-bar-programmability-study";
			productReference = 984BC75128D0A6870073E099 /* tab-bar-programmability-study.app */;
			productType = "com.apple.product-type.application";
		};
		984BC76628D0A68A0073E099 /* tab-bar-programmability-studyTests */ = {
			isa = PBXNativeTarget;
			buildConfigurationList = 984BC77E28D0A68A0073E099 /* Build configuration list for PBXNativeTarget "tab-bar-programmability-studyTests" */;
			buildPhases = (
				984BC76328D0A68A0073E099 /* Sources */,
				984BC76428D0A68A0073E099 /* Frameworks */,
				984BC76528D0A68A0073E099 /* Resources */,
			);
			buildRules = (
			);
			dependencies = (
				984BC76928D0A68A0073E099 /* PBXTargetDependency */,
			);
			name = "tab-bar-programmability-studyTests";
			productName = "tab-bar-programmability-studyTests";
			productReference = 984BC76728D0A68A0073E099 /* tab-bar-programmability-studyTests.xctest */;
			productType = "com.apple.product-type.bundle.unit-test";
		};
		984BC77028D0A68A0073E099 /* tab-bar-programmability-studyUITests */ = {
			isa = PBXNativeTarget;
			buildConfigurationList = 984BC78128D0A68A0073E099 /* Build configuration list for PBXNativeTarget "tab-bar-programmability-studyUITests" */;
			buildPhases = (
				984BC76D28D0A68A0073E099 /* Sources */,
				984BC76E28D0A68A0073E099 /* Frameworks */,
				984BC76F28D0A68A0073E099 /* Resources */,
			);
			buildRules = (
			);
			dependencies = (
				984BC77328D0A68A0073E099 /* PBXTargetDependency */,
			);
			name = "tab-bar-programmability-studyUITests";
			productName = "tab-bar-programmability-studyUITests";
			productReference = 984BC77128D0A68A0073E099 /* tab-bar-programmability-studyUITests.xctest */;
			productType = "com.apple.product-type.bundle.ui-testing";
		};
/* End PBXNativeTarget section */

/* Begin PBXProject section */
		984BC74928D0A6870073E099 /* Project object */ = {
			isa = PBXProject;
			attributes = {
				BuildIndependentTargetsInParallel = 1;
				LastSwiftUpdateCheck = 1340;
				LastUpgradeCheck = 1340;
				TargetAttributes = {
					984BC75028D0A6870073E099 = {
						CreatedOnToolsVersion = 13.4.1;
					};
					984BC76628D0A68A0073E099 = {
						CreatedOnToolsVersion = 13.4.1;
						TestTargetID = 984BC75028D0A6870073E099;
					};
					984BC77028D0A68A0073E099 = {
						CreatedOnToolsVersion = 13.4.1;
						TestTargetID = 984BC75028D0A6870073E099;
					};
				};
			};
			buildConfigurationList = 984BC74C28D0A6870073E099 /* Build configuration list for PBXProject "tab-bar-programmability-study" */;
			compatibilityVersion = "Xcode 13.0";
			developmentRegion = en;
			hasScannedForEncodings = 0;
			knownRegions = (
				en,
				Base,
			);
			mainGroup = 984BC74828D0A6870073E099;
			productRefGroup = 984BC75228D0A6870073E099 /* Products */;
			projectDirPath = "";
			projectRoot = "";
			targets = (
				984BC75028D0A6870073E099 /* tab-bar-programmability-study */,
				984BC76628D0A68A0073E099 /* tab-bar-programmability-studyTests */,
				984BC77028D0A68A0073E099 /* tab-bar-programmability-studyUITests */,
			);
		};
/* End PBXProject section */

/* Begin PBXResourcesBuildPhase section */
		984BC74F28D0A6870073E099 /* Resources */ = {
			isa = PBXResourcesBuildPhase;
			buildActionMask = 2147483647;
			files = (
				984BC76128D0A68A0073E099 /* LaunchScreen.storyboard in Resources */,
				984BC75E28D0A68A0073E099 /* Assets.xcassets in Resources */,
			);
			runOnlyForDeploymentPostprocessing = 0;
		};
		984BC76528D0A68A0073E099 /* Resources */ = {
			isa = PBXResourcesBuildPhase;
			buildActionMask = 2147483647;
			files = (
			);
			runOnlyForDeploymentPostprocessing = 0;
		};
		984BC76F28D0A68A0073E099 /* Resources */ = {
			isa = PBXResourcesBuildPhase;
			buildActionMask = 2147483647;
			files = (
			);
			runOnlyForDeploymentPostprocessing = 0;
		};
/* End PBXResourcesBuildPhase section */

/* Begin PBXSourcesBuildPhase section */
		984BC74D28D0A6870073E099 /* Sources */ = {
			isa = PBXSourcesBuildPhase;
			buildActionMask = 2147483647;
			files = (
				984BC78528D0A8300073E099 /* MyTabBarController.swift in Sources */,
				984BC75528D0A6870073E099 /* AppDelegate.swift in Sources */,
				984BC75728D0A6870073E099 /* SceneDelegate.swift in Sources */,
			);
			runOnlyForDeploymentPostprocessing = 0;
		};
		984BC76328D0A68A0073E099 /* Sources */ = {
			isa = PBXSourcesBuildPhase;
			buildActionMask = 2147483647;
			files = (
				984BC76C28D0A68A0073E099 /* tab_bar_programmability_studyTests.swift in Sources */,
			);
			runOnlyForDeploymentPostprocessing = 0;
		};
		984BC76D28D0A68A0073E099 /* Sources */ = {
			isa = PBXSourcesBuildPhase;
			buildActionMask = 2147483647;
			files = (
				984BC77828D0A68A0073E099 /* tab_bar_programmability_studyUITestsLaunchTests.swift in Sources */,
				984BC77628D0A68A0073E099 /* tab_bar_programmability_studyUITests.swift in Sources */,
			);
			runOnlyForDeploymentPostprocessing = 0;
		};
/* End PBXSourcesBuildPhase section */

/* Begin PBXTargetDependency section */
		984BC76928D0A68A0073E099 /* PBXTargetDependency */ = {
			isa = PBXTargetDependency;
			target = 984BC75028D0A6870073E099 /* tab-bar-programmability-study */;
			targetProxy = 984BC76828D0A68A0073E099 /* PBXContainerItemProxy */;
		};
		984BC77328D0A68A0073E099 /* PBXTargetDependency */ = {
			isa = PBXTargetDependency;
			target = 984BC75028D0A6870073E099 /* tab-bar-programmability-study */;
			targetProxy = 984BC77228D0A68A0073E099 /* PBXContainerItemProxy */;
		};
/* End PBXTargetDependency section */

/* Begin PBXVariantGroup section */
		984BC75F28D0A68A0073E099 /* LaunchScreen.storyboard */ = {
			isa = PBXVariantGroup;
			children = (
				984BC76028D0A68A0073E099 /* Base */,
			);
			name = LaunchScreen.storyboard;
			sourceTree = "<group>";
		};
/* End PBXVariantGroup section */

/* Begin XCBuildConfiguration section */
		984BC77928D0A68A0073E099 /* Debug */ = {
			isa = XCBuildConfiguration;
			buildSettings = {
				ALWAYS_SEARCH_USER_PATHS = NO;
				CLANG_ANALYZER_NONNULL = YES;
				CLANG_ANALYZER_NUMBER_OBJECT_CONVERSION = YES_AGGRESSIVE;
				CLANG_CXX_LANGUAGE_STANDARD = "gnu++17";
				CLANG_ENABLE_MODULES = YES;
				CLANG_ENABLE_OBJC_ARC = YES;
				CLANG_ENABLE_OBJC_WEAK = YES;
				CLANG_WARN_BLOCK_CAPTURE_AUTORELEASING = YES;
				CLANG_WARN_BOOL_CONVERSION = YES;
				CLANG_WARN_COMMA = YES;
				CLANG_WARN_CONSTANT_CONVERSION = YES;
				CLANG_WARN_DEPRECATED_OBJC_IMPLEMENTATIONS = YES;
				CLANG_WARN_DIRECT_OBJC_ISA_USAGE = YES_ERROR;
				CLANG_WARN_DOCUMENTATION_COMMENTS = YES;
				CLANG_WARN_EMPTY_BODY = YES;
				CLANG_WARN_ENUM_CONVERSION = YES;
				CLANG_WARN_INFINITE_RECURSION = YES;
				CLANG_WARN_INT_CONVERSION = YES;
				CLANG_WARN_NON_LITERAL_NULL_CONVERSION = YES;
				CLANG_WARN_OBJC_IMPLICIT_RETAIN_SELF = YES;
				CLANG_WARN_OBJC_LITERAL_CONVERSION = YES;
				CLANG_WARN_OBJC_ROOT_CLASS = YES_ERROR;
				CLANG_WARN_QUOTED_INCLUDE_IN_FRAMEWORK_HEADER = YES;
				CLANG_WARN_RANGE_LOOP_ANALYSIS = YES;
				CLANG_WARN_STRICT_PROTOTYPES = YES;
				CLANG_WARN_SUSPICIOUS_MOVE = YES;
				CLANG_WARN_UNGUARDED_AVAILABILITY = YES_AGGRESSIVE;
				CLANG_WARN_UNREACHABLE_CODE = YES;
				CLANG_WARN__DUPLICATE_METHOD_MATCH = YES;
				COPY_PHASE_STRIP = NO;
				DEBUG_INFORMATION_FORMAT = dwarf;
				ENABLE_STRICT_OBJC_MSGSEND = YES;
				ENABLE_TESTABILITY = YES;
				GCC_C_LANGUAGE_STANDARD = gnu11;
				GCC_DYNAMIC_NO_PIC = NO;
				GCC_NO_COMMON_BLOCKS = YES;
				GCC_OPTIMIZATION_LEVEL = 0;
				GCC_PREPROCESSOR_DEFINITIONS = (
					"DEBUG=1",
					"$(inherited)",
				);
				GCC_WARN_64_TO_32_BIT_CONVERSION = YES;
				GCC_WARN_ABOUT_RETURN_TYPE = YES_ERROR;
				GCC_WARN_UNDECLARED_SELECTOR = YES;
				GCC_WARN_UNINITIALIZED_AUTOS = YES_AGGRESSIVE;
				GCC_WARN_UNUSED_FUNCTION = YES;
				GCC_WARN_UNUSED_VARIABLE = YES;
				IPHONEOS_DEPLOYMENT_TARGET = 15.5;
				MTL_ENABLE_DEBUG_INFO = INCLUDE_SOURCE;
				MTL_FAST_MATH = YES;
				ONLY_ACTIVE_ARCH = YES;
				SDKROOT = iphoneos;
				SWIFT_ACTIVE_COMPILATION_CONDITIONS = DEBUG;
				SWIFT_OPTIMIZATION_LEVEL = "-Onone";
			};
			name = Debug;
		};
		984BC77A28D0A68A0073E099 /* Release */ = {
			isa = XCBuildConfiguration;
			buildSettings = {
				ALWAYS_SEARCH_USER_PATHS = NO;
				CLANG_ANALYZER_NONNULL = YES;
				CLANG_ANALYZER_NUMBER_OBJECT_CONVERSION = YES_AGGRESSIVE;
				CLANG_CXX_LANGUAGE_STANDARD = "gnu++17";
				CLANG_ENABLE_MODULES = YES;
				CLANG_ENABLE_OBJC_ARC = YES;
				CLANG_ENABLE_OBJC_WEAK = YES;
				CLANG_WARN_BLOCK_CAPTURE_AUTORELEASING = YES;
				CLANG_WARN_BOOL_CONVERSION = YES;
				CLANG_WARN_COMMA = YES;
				CLANG_WARN_CONSTANT_CONVERSION = YES;
				CLANG_WARN_DEPRECATED_OBJC_IMPLEMENTATIONS = YES;
				CLANG_WARN_DIRECT_OBJC_ISA_USAGE = YES_ERROR;
				CLANG_WARN_DOCUMENTATION_COMMENTS = YES;
				CLANG_WARN_EMPTY_BODY = YES;
				CLANG_WARN_ENUM_CONVERSION = YES;
				CLANG_WARN_INFINITE_RECURSION = YES;
				CLANG_WARN_INT_CONVERSION = YES;
				CLANG_WARN_NON_LITERAL_NULL_CONVERSION = YES;
				CLANG_WARN_OBJC_IMPLICIT_RETAIN_SELF = YES;
				CLANG_WARN_OBJC_LITERAL_CONVERSION = YES;
				CLANG_WARN_OBJC_ROOT_CLASS = YES_ERROR;
				CLANG_WARN_QUOTED_INCLUDE_IN_FRAMEWORK_HEADER = YES;
				CLANG_WARN_RANGE_LOOP_ANALYSIS = YES;
				CLANG_WARN_STRICT_PROTOTYPES = YES;
				CLANG_WARN_SUSPICIOUS_MOVE = YES;
				CLANG_WARN_UNGUARDED_AVAILABILITY = YES_AGGRESSIVE;
				CLANG_WARN_UNREACHABLE_CODE = YES;
				CLANG_WARN__DUPLICATE_METHOD_MATCH = YES;
				COPY_PHASE_STRIP = NO;
				DEBUG_INFORMATION_FORMAT = "dwarf-with-dsym";
				ENABLE_NS_ASSERTIONS = NO;
				ENABLE_STRICT_OBJC_MSGSEND = YES;
				GCC_C_LANGUAGE_STANDARD = gnu11;
				GCC_NO_COMMON_BLOCKS = YES;
				GCC_WARN_64_TO_32_BIT_CONVERSION = YES;
				GCC_WARN_ABOUT_RETURN_TYPE = YES_ERROR;
				GCC_WARN_UNDECLARED_SELECTOR = YES;
				GCC_WARN_UNINITIALIZED_AUTOS = YES_AGGRESSIVE;
				GCC_WARN_UNUSED_FUNCTION = YES;
				GCC_WARN_UNUSED_VARIABLE = YES;
				IPHONEOS_DEPLOYMENT_TARGET = 15.5;
				MTL_ENABLE_DEBUG_INFO = NO;
				MTL_FAST_MATH = YES;
				SDKROOT = iphoneos;
				SWIFT_COMPILATION_MODE = wholemodule;
				SWIFT_OPTIMIZATION_LEVEL = "-O";
				VALIDATE_PRODUCT = YES;
			};
			name = Release;
		};
		984BC77C28D0A68A0073E099 /* Debug */ = {
			isa = XCBuildConfiguration;
			buildSettings = {
				ASSETCATALOG_COMPILER_APPICON_NAME = AppIcon;
				ASSETCATALOG_COMPILER_GLOBAL_ACCENT_COLOR_NAME = AccentColor;
				CODE_SIGN_STYLE = Automatic;
				CURRENT_PROJECT_VERSION = 1;
				DEVELOPMENT_TEAM = 597F2F2R8L;
				GENERATE_INFOPLIST_FILE = YES;
				INFOPLIST_FILE = "tab-bar-programmability-study/Info.plist";
				INFOPLIST_KEY_UIApplicationSupportsIndirectInputEvents = YES;
				INFOPLIST_KEY_UILaunchStoryboardName = LaunchScreen;
				INFOPLIST_KEY_UISupportedInterfaceOrientations_iPad = "UIInterfaceOrientationPortrait UIInterfaceOrientationPortraitUpsideDown UIInterfaceOrientationLandscapeLeft UIInterfaceOrientationLandscapeRight";
				INFOPLIST_KEY_UISupportedInterfaceOrientations_iPhone = "UIInterfaceOrientationPortrait UIInterfaceOrientationLandscapeLeft UIInterfaceOrientationLandscapeRight";
				LD_RUNPATH_SEARCH_PATHS = (
					"$(inherited)",
					"@executable_path/Frameworks",
				);
				MARKETING_VERSION = 1.0;
				PRODUCT_BUNDLE_IDENTIFIER = "com.sillas.tab-bar-programmability-study";
				PRODUCT_NAME = "$(TARGET_NAME)";
				SWIFT_EMIT_LOC_STRINGS = YES;
				SWIFT_VERSION = 5.0;
				TARGETED_DEVICE_FAMILY = "1,2";
			};
			name = Debug;
		};
		984BC77D28D0A68A0073E099 /* Release */ = {
			isa = XCBuildConfiguration;
			buildSettings = {
				ASSETCATALOG_COMPILER_APPICON_NAME = AppIcon;
				ASSETCATALOG_COMPILER_GLOBAL_ACCENT_COLOR_NAME = AccentColor;
				CODE_SIGN_STYLE = Automatic;
				CURRENT_PROJECT_VERSION = 1;
				DEVELOPMENT_TEAM = 597F2F2R8L;
				GENERATE_INFOPLIST_FILE = YES;
				INFOPLIST_FILE = "tab-bar-programmability-study/Info.plist";
				INFOPLIST_KEY_UIApplicationSupportsIndirectInputEvents = YES;
				INFOPLIST_KEY_UILaunchStoryboardName = LaunchScreen;
				INFOPLIST_KEY_UISupportedInterfaceOrientations_iPad = "UIInterfaceOrientationPortrait UIInterfaceOrientationPortraitUpsideDown UIInterfaceOrientationLandscapeLeft UIInterfaceOrientationLandscapeRight";
				INFOPLIST_KEY_UISupportedInterfaceOrientations_iPhone = "UIInterfaceOrientationPortrait UIInterfaceOrientationLandscapeLeft UIInterfaceOrientationLandscapeRight";
				LD_RUNPATH_SEARCH_PATHS = (
					"$(inherited)",
					"@executable_path/Frameworks",
				);
				MARKETING_VERSION = 1.0;
				PRODUCT_BUNDLE_IDENTIFIER = "com.sillas.tab-bar-programmability-study";
				PRODUCT_NAME = "$(TARGET_NAME)";
				SWIFT_EMIT_LOC_STRINGS = YES;
				SWIFT_VERSION = 5.0;
				TARGETED_DEVICE_FAMILY = "1,2";
			};
			name = Release;
		};
		984BC77F28D0A68A0073E099 /* Debug */ = {
			isa = XCBuildConfiguration;
			buildSettings = {
				ALWAYS_EMBED_SWIFT_STANDARD_LIBRARIES = YES;
				BUNDLE_LOADER = "$(TEST_HOST)";
				CODE_SIGN_STYLE = Automatic;
				CURRENT_PROJECT_VERSION = 1;
				DEVELOPMENT_TEAM = 597F2F2R8L;
				GENERATE_INFOPLIST_FILE = YES;
				IPHONEOS_DEPLOYMENT_TARGET = 15.5;
				MARKETING_VERSION = 1.0;
				PRODUCT_BUNDLE_IDENTIFIER = "com.sillas.tab-bar-programmability-studyTests";
				PRODUCT_NAME = "$(TARGET_NAME)";
				SWIFT_EMIT_LOC_STRINGS = NO;
				SWIFT_VERSION = 5.0;
				TARGETED_DEVICE_FAMILY = "1,2";
				TEST_HOST = "$(BUILT_PRODUCTS_DIR)/tab-bar-programmability-study.app/tab-bar-programmability-study";
			};
			name = Debug;
		};
		984BC78028D0A68A0073E099 /* Release */ = {
			isa = XCBuildConfiguration;
			buildSettings = {
				ALWAYS_EMBED_SWIFT_STANDARD_LIBRARIES = YES;
				BUNDLE_LOADER = "$(TEST_HOST)";
				CODE_SIGN_STYLE = Automatic;
				CURRENT_PROJECT_VERSION = 1;
				DEVELOPMENT_TEAM = 597F2F2R8L;
				GENERATE_INFOPLIST_FILE = YES;
				IPHONEOS_DEPLOYMENT_TARGET = 15.5;
				MARKETING_VERSION = 1.0;
				PRODUCT_BUNDLE_IDENTIFIER = "com.sillas.tab-bar-programmability-studyTests";
				PRODUCT_NAME = "$(TARGET_NAME)";
				SWIFT_EMIT_LOC_STRINGS = NO;
				SWIFT_VERSION = 5.0;
				TARGETED_DEVICE_FAMILY = "1,2";
				TEST_HOST = "$(BUILT_PRODUCTS_DIR)/tab-bar-programmability-study.app/tab-bar-programmability-study";
			};
			name = Release;
		};
		984BC78228D0A68A0073E099 /* Debug */ = {
			isa = XCBuildConfiguration;
			buildSettings = {
				ALWAYS_EMBED_SWIFT_STANDARD_LIBRARIES = YES;
				CODE_SIGN_STYLE = Automatic;
				CURRENT_PROJECT_VERSION = 1;
				DEVELOPMENT_TEAM = 597F2F2R8L;
				GENERATE_INFOPLIST_FILE = YES;
				MARKETING_VERSION = 1.0;
				PRODUCT_BUNDLE_IDENTIFIER = "com.sillas.tab-bar-programmability-studyUITests";
				PRODUCT_NAME = "$(TARGET_NAME)";
				SWIFT_EMIT_LOC_STRINGS = NO;
				SWIFT_VERSION = 5.0;
				TARGETED_DEVICE_FAMILY = "1,2";
				TEST_TARGET_NAME = "tab-bar-programmability-study";
			};
			name = Debug;
		};
		984BC78328D0A68A0073E099 /* Release */ = {
			isa = XCBuildConfiguration;
			buildSettings = {
				ALWAYS_EMBED_SWIFT_STANDARD_LIBRARIES = YES;
				CODE_SIGN_STYLE = Automatic;
				CURRENT_PROJECT_VERSION = 1;
				DEVELOPMENT_TEAM = 597F2F2R8L;
				GENERATE_INFOPLIST_FILE = YES;
				MARKETING_VERSION = 1.0;
				PRODUCT_BUNDLE_IDENTIFIER = "com.sillas.tab-bar-programmability-studyUITests";
				PRODUCT_NAME = "$(TARGET_NAME)";
				SWIFT_EMIT_LOC_STRINGS = NO;
				SWIFT_VERSION = 5.0;
				TARGETED_DEVICE_FAMILY = "1,2";
				TEST_TARGET_NAME = "tab-bar-programmability-study";
			};
			name = Release;
		};
/* End XCBuildConfiguration section */

/* Begin XCConfigurationList section */
		984BC74C28D0A6870073E099 /* Build configuration list for PBXProject "tab-bar-programmability-study" */ = {
			isa = XCConfigurationList;
			buildConfigurations = (
				984BC77928D0A68A0073E099 /* Debug */,
				984BC77A28D0A68A0073E099 /* Release */,
			);
			defaultConfigurationIsVisible = 0;
			defaultConfigurationName = Release;
		};
		984BC77B28D0A68A0073E099 /* Build configuration list for PBXNativeTarget "tab-bar-programmability-study" */ = {
			isa = XCConfigurationList;
			buildConfigurations = (
				984BC77C28D0A68A0073E099 /* Debug */,
				984BC77D28D0A68A0073E099 /* Release */,
			);
			defaultConfigurationIsVisible = 0;
			defaultConfigurationName = Release;
		};
		984BC77E28D0A68A0073E099 /* Build configuration list for PBXNativeTarget "tab-bar-programmability-studyTests" */ = {
			isa = XCConfigurationList;
			buildConfigurations = (
				984BC77F28D0A68A0073E099 /* Debug */,
				984BC78028D0A68A0073E099 /* Release */,
			);
			defaultConfigurationIsVisible = 0;
			defaultConfigurationName = Release;
		};
		984BC78128D0A68A0073E099 /* Build configuration list for PBXNativeTarget "tab-bar-programmability-studyUITests" */ = {
			isa = XCConfigurationList;
			buildConfigurations = (
				984BC78228D0A68A0073E099 /* Debug */,
				984BC78328D0A68A0073E099 /* Release */,
			);
			defaultConfigurationIsVisible = 0;
			defaultConfigurationName = Release;
		};
/* End XCConfigurationList section */
	};
	rootObject = 984BC74928D0A6870073E099 /* Project object */;
}
